
Microsoft Visual Studio Solution File, Format Version 12.00
# Visual Studio Version 17
VisualStudioVersion = 17.0.32002.185
MinimumVisualStudioVersion = 10.0.40219.1
Project("{FAE04EC0-301F-11D3-BF4B-00C04F79EFBC}") = "ProvaTecnicaEAuditoria", "ProvaTecnicaEAuditoria\ProvaTecnicaEAuditoria.csproj", "{75E6DE29-F556-444A-B7D7-AC82B93FABF0}"
EndProject
Global
	GlobalSection(SolutionConfigurationPlatforms) = preSolution
		Debug|Any CPU = Debug|Any CPU
		Release|Any CPU = Release|Any CPU
	EndGlobalSection
	GlobalSection(ProjectConfigurationPlatforms) = postSolution
		{75E6DE29-F556-444A-B7D7-AC82B93FABF0}.Debug|Any CPU.ActiveCfg = Debug|Any CPU
		{75E6DE29-F556-444A-B7D7-AC82B93FABF0}.Debug|Any CPU.Build.0 = Debug|Any CPU
		{75E6DE29-F556-444A-B7D7-AC82B93FABF0}.Release|Any CPU.ActiveCfg = Release|Any CPU
		{75E6DE29-F556-444A-B7D7-AC82B93FABF0}.Release|Any CPU.Build.0 = Release|Any CPU
	EndGlobalSection
	GlobalSection(SolutionProperties) = preSolution
		HideSolutionNode = FALSE
	EndGlobalSection
	GlobalSection(ExtensibilityGlobals) = postSolution
		SolutionGuid = {CC71BBBB-D382-4495-931A-A0BE32A83577}
	EndGlobalSection
EndGlobal
